
Microsoft Visual Studio Solution File, Format Version 12.00
# Visual Studio Version 16
VisualStudioVersion = 16.0.32428.217
MinimumVisualStudioVersion = 10.0.40219.1
Project("{FAE04EC0-301F-11D3-BF4B-00C04F79EFBC}") = "project2API", "project2API.csproj", "{9AB17E01-3DBA-4FFB-A98D-6E32F7D4A1A8}"
EndProject
Global
	GlobalSection(SolutionConfigurationPlatforms) = preSolution
		Debug|Any CPU = Debug|Any CPU
		Release|Any CPU = Release|Any CPU
	EndGlobalSection
	GlobalSection(ProjectConfigurationPlatforms) = postSolution
		{9AB17E01-3DBA-4FFB-A98D-6E32F7D4A1A8}.Debug|Any CPU.ActiveCfg = Debug|Any CPU
		{9AB17E01-3DBA-4FFB-A98D-6E32F7D4A1A8}.Debug|Any CPU.Build.0 = Debug|Any CPU
		{9AB17E01-3DBA-4FFB-A98D-6E32F7D4A1A8}.Release|Any CPU.ActiveCfg = Release|Any CPU
		{9AB17E01-3DBA-4FFB-A98D-6E32F7D4A1A8}.Release|Any CPU.Build.0 = Release|Any CPU
	EndGlobalSection
	GlobalSection(SolutionProperties) = preSolution
		HideSolutionNode = FALSE
	EndGlobalSection
	GlobalSection(ExtensibilityGlobals) = postSolution
		SolutionGuid = {CAF49645-8F72-409A-9680-D1B6CC4F5262}
	EndGlobalSection
EndGlobal
